github.com/Masterminds/vcs v1.13.3 h1:IIA2aBdXvfbIM+yl/eTnL4hb1XwdpvuQLglAix1gweE=
github.com/Masterminds/vcs v1.13.3/go.mod h1:TiE7xuEjl1N4j016moRd6vezp6e6Lz23gypeXfzXeW8=
github.com/dependabot/gomodules-extracted v0.0.0-20181020215834-1b2f850478a3/go.mod h1:+dRXSrUymjpT4yzKtn1QmeknT1S/yAHRr35en18dHp8=
github.com/dependabot/gomodules-extracted v1.1.0 h1:k0Fcin3JZBfd/yW0JEeg38UtTiZl6E9uYkdqA4Dqbyw=
github.com/dependabot/gomodules-extracted v1.1.0/go.mod h1:+dRXSrUymjpT4yzKtn1QmeknT1S/yAHRr35en18dHp8=
